
Microsoft Visual Studio Solution File, Format Version 12.00
# Visual Studio Version 16
VisualStudioVersion = 16.0.29709.97
MinimumVisualStudioVersion = 10.0.40219.1
Project("{FAE04EC0-301F-11D3-BF4B-00C04F79EFBC}") = "6", "6\6.csproj", "{C6D6D110-117E-4C3C-A875-4643E6BAE91C}"
EndProject
Global
	GlobalSection(SolutionConfigurationPlatforms) = preSolution
		Debug|Any CPU = Debug|Any CPU
		Release|Any CPU = Release|Any CPU
	EndGlobalSection
	GlobalSection(ProjectConfigurationPlatforms) = postSolution
		{C6D6D110-117E-4C3C-A875-4643E6BAE91C}.Debug|Any CPU.ActiveCfg = Debug|Any CPU
		{C6D6D110-117E-4C3C-A875-4643E6BAE91C}.Debug|Any CPU.Build.0 = Debug|Any CPU
		{C6D6D110-117E-4C3C-A875-4643E6BAE91C}.Release|Any CPU.ActiveCfg = Release|Any CPU
		{C6D6D110-117E-4C3C-A875-4643E6BAE91C}.Release|Any CPU.Build.0 = Release|Any CPU
	EndGlobalSection
	GlobalSection(SolutionProperties) = preSolution
		HideSolutionNode = FALSE
	EndGlobalSection
	GlobalSection(ExtensibilityGlobals) = postSolution
		SolutionGuid = {010342B7-4170-4EBB-956B-48A1D679D908}
	EndGlobalSection
EndGlobal
